
Microsoft Visual Studio Solution File, Format Version 12.00
# Visual Studio Version 16
VisualStudioVersion = 16.0.31624.102
MinimumVisualStudioVersion = 10.0.40219.1
Project("{FAE04EC0-301F-11D3-BF4B-00C04F79EFBC}") = "ConsoleApp", "ConsoleApp\ConsoleApp.csproj", "{8FF7CEFD-DCD4-4F31-8352-64622094C4FA}"
EndProject
Project("{FAE04EC0-301F-11D3-BF4B-00C04F79EFBC}") = "CaptchaResolved", "CaptchaResolved\CaptchaResolved.csproj", "{56AEA8C3-CF58-400F-855D-7A043FD20232}"
EndProject
Global
	GlobalSection(SolutionConfigurationPlatforms) = preSolution
		Debug|Any CPU = Debug|Any CPU
		Release|Any CPU = Release|Any CPU
	EndGlobalSection
	GlobalSection(ProjectConfigurationPlatforms) = postSolution
		{8FF7CEFD-DCD4-4F31-8352-64622094C4FA}.Debug|Any CPU.ActiveCfg = Debug|Any CPU
		{8FF7CEFD-DCD4-4F31-8352-64622094C4FA}.Debug|Any CPU.Build.0 = Debug|Any CPU
		{8FF7CEFD-DCD4-4F31-8352-64622094C4FA}.Release|Any CPU.ActiveCfg = Release|Any CPU
		{8FF7CEFD-DCD4-4F31-8352-64622094C4FA}.Release|Any CPU.Build.0 = Release|Any CPU
		{56AEA8C3-CF58-400F-855D-7A043FD20232}.Debug|Any CPU.ActiveCfg = Debug|Any CPU
		{56AEA8C3-CF58-400F-855D-7A043FD20232}.Debug|Any CPU.Build.0 = Debug|Any CPU
		{56AEA8C3-CF58-400F-855D-7A043FD20232}.Release|Any CPU.ActiveCfg = Release|Any CPU
		{56AEA8C3-CF58-400F-855D-7A043FD20232}.Release|Any CPU.Build.0 = Release|Any CPU
	EndGlobalSection
	GlobalSection(SolutionProperties) = preSolution
		HideSolutionNode = FALSE
	EndGlobalSection
	GlobalSection(ExtensibilityGlobals) = postSolution
		SolutionGuid = {5DE46B2B-1539-4A85-B149-CACFF407E5AE}
	EndGlobalSection
EndGlobal
